// !$*UTF8*$!
{
	archiveVersion = 1;
	classes = {
	};
	objectVersion = 56;
	objects = {

/* Begin PBXBuildFile section */
		ED9E448C2969928F00EEA7D4 /* ExerciseViewController.swift in Sources */ = {isa = PBXBuildFile; fileRef = ED9E448B2969928F00EEA7D4 /* ExerciseViewController.swift */; };
		ED9E449229699E1700EEA7D4 /* alarm_sound.mp3 in Resources */ = {isa = PBXBuildFile; fileRef = ED9E449129699E1700EEA7D4 /* alarm_sound.mp3 */; };
		EDB99877296834BF0073EE8A /* AppDelegate.swift in Sources */ = {isa = PBXBuildFile; fileRef = EDB99876296834BF0073EE8A /* AppDelegate.swift */; };
		EDB99879296834BF0073EE8A /* SceneDelegate.swift in Sources */ = {isa = PBXBuildFile; fileRef = EDB99878296834BF0073EE8A /* SceneDelegate.swift */; };
		EDB9987B296834BF0073EE8A /* PickCardViewController.swift in Sources */ = {isa = PBXBuildFile; fileRef = EDB9987A296834BF0073EE8A /* PickCardViewController.swift */; };
		EDB9987E296834BF0073EE8A /* Main.storyboard in Resources */ = {isa = PBXBuildFile; fileRef = EDB9987C296834BF0073EE8A /* Main.storyboard */; };
		EDB99880296834C00073EE8A /* Assets.xcassets in Resources */ = {isa = PBXBuildFile; fileRef = EDB9987F296834C00073EE8A /* Assets.xcassets */; };
		EDB99883296834C00073EE8A /* LaunchScreen.storyboard in Resources */ = {isa = PBXBuildFile; fileRef = EDB99881296834C00073EE8A /* LaunchScreen.storyboard */; };
		EDB9988B296839EB0073EE8A /* ResultViewController.swift in Sources */ = {isa = PBXBuildFile; fileRef = EDB9988A296839EB0073EE8A /* ResultViewController.swift */; };
		EDB9988D29683BE80073EE8A /* Images.swift in Sources */ = {isa = PBXBuildFile; fileRef = EDB9988C29683BE80073EE8A /* Images.swift */; };
		EDB9988F296850C10073EE8A /* UIImage + Ex.swift in Sources */ = {isa = PBXBuildFile; fileRef = EDB9988E296850C10073EE8A /* UIImage + Ex.swift */; };
/* End PBXBuildFile section */

/* Begin PBXFileReference section */
		ED9E448B2969928F00EEA7D4 /* ExerciseViewController.swift */ = {isa = PBXFileReference; lastKnownFileType = sourcecode.swift; path = ExerciseViewController.swift; sourceTree = "<group>"; };
		ED9E449129699E1700EEA7D4 /* alarm_sound.mp3 */ = {isa = PBXFileReference; lastKnownFileType = audio.mp3; path = alarm_sound.mp3; sourceTree = "<group>"; };
		EDB99873296834BF0073EE8A /* WorkoutCardApp.app */ = {isa = PBXFileReference; explicitFileType = wrapper.application; includeInIndex = 0; path = WorkoutCardApp.app; sourceTree = BUILT_PRODUCTS_DIR; };
		EDB99876296834BF0073EE8A /* AppDelegate.swift */ = {isa = PBXFileReference; lastKnownFileType = sourcecode.swift; path = AppDelegate.swift; sourceTree = "<group>"; };
		EDB99878296834BF0073EE8A /* SceneDelegate.swift */ = {isa = PBXFileReference; lastKnownFileType = sourcecode.swift; path = SceneDelegate.swift; sourceTree = "<group>"; };
		EDB9987A296834BF0073EE8A /* PickCardViewController.swift */ = {isa = PBXFileReference; lastKnownFileType = sourcecode.swift; path = PickCardViewController.swift; sourceTree = "<group>"; };
		EDB9987D296834BF0073EE8A /* Base */ = {isa = PBXFileReference; lastKnownFileType = file.storyboard; name = Base; path = Base.lproj/Main.storyboard; sourceTree = "<group>"; };
		EDB9987F296834C00073EE8A /* Assets.xcassets */ = {isa = PBXFileReference; lastKnownFileType = folder.assetcatalog; path = Assets.xcassets; sourceTree = "<group>"; };
		EDB99882296834C00073EE8A /* Base */ = {isa = PBXFileReference; lastKnownFileType = file.storyboard; name = Base; path = Base.lproj/LaunchScreen.storyboard; sourceTree = "<group>"; };
		EDB99884296834C00073EE8A /* Info.plist */ = {isa = PBXFileReference; lastKnownFileType = text.plist.xml; path = Info.plist; sourceTree = "<group>"; };
		EDB9988A296839EB0073EE8A /* ResultViewController.swift */ = {isa = PBXFileReference; lastKnownFileType = sourcecode.swift; path = ResultViewController.swift; sourceTree = "<group>"; };
		EDB9988C29683BE80073EE8A /* Images.swift */ = {isa = PBXFileReference; lastKnownFileType = sourcecode.swift; path = Images.swift; sourceTree = "<group>"; };
		EDB9988E296850C10073EE8A /* UIImage + Ex.swift */ = {isa = PBXFileReference; lastKnownFileType = sourcecode.swift; path = "UIImage + Ex.swift"; sourceTree = "<group>"; };
/* End PBXFileReference section */

/* Begin PBXFrameworksBuildPhase section */
		EDB99870296834BF0073EE8A /* Frameworks */ = {
			isa = PBXFrameworksBuildPhase;
			buildActionMask = 2147483647;
			files = (
			);
			runOnlyForDeploymentPostprocessing = 0;
		};
/* End PBXFrameworksBuildPhase section */

/* Begin PBXGroup section */
		ED9E448D2969996900EEA7D4 /* Controllers */ = {
			isa = PBXGroup;
			children = (
				EDB9987A296834BF0073EE8A /* PickCardViewController.swift */,
				EDB9988A296839EB0073EE8A /* ResultViewController.swift */,
				ED9E448B2969928F00EEA7D4 /* ExerciseViewController.swift */,
			);
			path = Controllers;
			sourceTree = "<group>";
		};
		ED9E448E2969997800EEA7D4 /* Model */ = {
			isa = PBXGroup;
			children = (
				EDB9988C29683BE80073EE8A /* Images.swift */,
				EDB9988E296850C10073EE8A /* UIImage + Ex.swift */,
			);
			path = Model;
			sourceTree = "<group>";
		};
		ED9E448F2969998200EEA7D4 /* Services */ = {
			isa = PBXGroup;
			children = (
				EDB99876296834BF0073EE8A /* AppDelegate.swift */,
				EDB99878296834BF0073EE8A /* SceneDelegate.swift */,
			);
			path = Services;
			sourceTree = "<group>";
		};
		ED9E44902969998A00EEA7D4 /* View */ = {
			isa = PBXGroup;
			children = (
				EDB9987C296834BF0073EE8A /* Main.storyboard */,
				EDB9987F296834C00073EE8A /* Assets.xcassets */,
				EDB99881296834C00073EE8A /* LaunchScreen.storyboard */,
			);
			path = View;
			sourceTree = "<group>";
		};
		EDB9986A296834BF0073EE8A = {
			isa = PBXGroup;
			children = (
				EDB99875296834BF0073EE8A /* WorkoutCardApp */,
				EDB99874296834BF0073EE8A /* Products */,
			);
			sourceTree = "<group>";
		};
		EDB99874296834BF0073EE8A /* Products */ = {
			isa = PBXGroup;
			children = (
				EDB99873296834BF0073EE8A /* WorkoutCardApp.app */,
			);
			name = Products;
			sourceTree = "<group>";
		};
		EDB99875296834BF0073EE8A /* WorkoutCardApp */ = {
			isa = PBXGroup;
			children = (
				ED9E448F2969998200EEA7D4 /* Services */,
				ED9E448D2969996900EEA7D4 /* Controllers */,
				ED9E448E2969997800EEA7D4 /* Model */,
				ED9E44902969998A00EEA7D4 /* View */,
				EDB99884296834C00073EE8A /* Info.plist */,
				ED9E449129699E1700EEA7D4 /* alarm_sound.mp3 */,
			);
			path = WorkoutCardApp;
			sourceTree = "<group>";
		};
/* End PBXGroup section */

/* Begin PBXNativeTarget section */
		EDB99872296834BF0073EE8A /* WorkoutCardApp */ = {
			isa = PBXNativeTarget;
			buildConfigurationList = EDB99887296834C00073EE8A /* Build configuration list for PBXNativeTarget "WorkoutCardApp" */;
			buildPhases = (
				EDB9986F296834BF0073EE8A /* Sources */,
				EDB99870296834BF0073EE8A /* Frameworks */,
				EDB99871296834BF0073EE8A /* Resources */,
			);
			buildRules = (
			);
			dependencies = (
			);
			name = WorkoutCardApp;
			productName = WorkoutCardApp;
			productReference = EDB99873296834BF0073EE8A /* WorkoutCardApp.app */;
			productType = "com.apple.product-type.application";
		};
/* End PBXNativeTarget section */

/* Begin PBXProject section */
		EDB9986B296834BF0073EE8A /* Project object */ = {
			isa = PBXProject;
			attributes = {
				BuildIndependentTargetsInParallel = 1;
				LastSwiftUpdateCheck = 1410;
				LastUpgradeCheck = 1410;
				TargetAttributes = {
					EDB99872296834BF0073EE8A = {
						CreatedOnToolsVersion = 14.1;
					};
				};
			};
			buildConfigurationList = EDB9986E296834BF0073EE8A /* Build configuration list for PBXProject "WorkoutCardApp" */;
			compatibilityVersion = "Xcode 14.0";
			developmentRegion = en;
			hasScannedForEncodings = 0;
			knownRegions = (
				en,
				Base,
			);
			mainGroup = EDB9986A296834BF0073EE8A;
			productRefGroup = EDB99874296834BF0073EE8A /* Products */;
			projectDirPath = "";
			projectRoot = "";
			targets = (
				EDB99872296834BF0073EE8A /* WorkoutCardApp */,
			);
		};
/* End PBXProject section */

/* Begin PBXResourcesBuildPhase section */
		EDB99871296834BF0073EE8A /* Resources */ = {
			isa = PBXResourcesBuildPhase;
			buildActionMask = 2147483647;
			files = (
				EDB99883296834C00073EE8A /* LaunchScreen.storyboard in Resources */,
				EDB99880296834C00073EE8A /* Assets.xcassets in Resources */,
				ED9E449229699E1700EEA7D4 /* alarm_sound.mp3 in Resources */,
				EDB9987E296834BF0073EE8A /* Main.storyboard in Resources */,
			);
			runOnlyForDeploymentPostprocessing = 0;
		};
/* End PBXResourcesBuildPhase section */

/* Begin PBXSourcesBuildPhase section */
		EDB9986F296834BF0073EE8A /* Sources */ = {
			isa = PBXSourcesBuildPhase;
			buildActionMask = 2147483647;
			files = (
				EDB9988D29683BE80073EE8A /* Images.swift in Sources */,
				ED9E448C2969928F00EEA7D4 /* ExerciseViewController.swift in Sources */,
				EDB9987B296834BF0073EE8A /* PickCardViewController.swift in Sources */,
				EDB9988F296850C10073EE8A /* UIImage + Ex.swift in Sources */,
				EDB99877296834BF0073EE8A /* AppDelegate.swift in Sources */,
				EDB99879296834BF0073EE8A /* SceneDelegate.swift in Sources */,
				EDB9988B296839EB0073EE8A /* ResultViewController.swift in Sources */,
			);
			runOnlyForDeploymentPostprocessing = 0;
		};
/* End PBXSourcesBuildPhase section */

/* Begin PBXVariantGroup section */
		EDB9987C296834BF0073EE8A /* Main.storyboard */ = {
			isa = PBXVariantGroup;
			children = (
				EDB9987D296834BF0073EE8A /* Base */,
			);
			name = Main.storyboard;
			sourceTree = "<group>";
		};
		EDB99881296834C00073EE8A /* LaunchScreen.storyboard */ = {
			isa = PBXVariantGroup;
			children = (
				EDB99882296834C00073EE8A /* Base */,
			);
			name = LaunchScreen.storyboard;
			sourceTree = "<group>";
		};
/* End PBXVariantGroup section */

/* Begin XCBuildConfiguration section */
		EDB99885296834C00073EE8A /* Debug */ = {
			isa = XCBuildConfiguration;
			buildSettings = {
				ALWAYS_SEARCH_USER_PATHS = NO;
				CLANG_ANALYZER_NONNULL = YES;
				CLANG_ANALYZER_NUMBER_OBJECT_CONVERSION = YES_AGGRESSIVE;
				CLANG_CXX_LANGUAGE_STANDARD = "gnu++20";
				CLANG_ENABLE_MODULES = YES;
				CLANG_ENABLE_OBJC_ARC = YES;
				CLANG_ENABLE_OBJC_WEAK = YES;
				CLANG_WARN_BLOCK_CAPTURE_AUTORELEASING = YES;
				CLANG_WARN_BOOL_CONVERSION = YES;
				CLANG_WARN_COMMA = YES;
				CLANG_WARN_CONSTANT_CONVERSION = YES;
				CLANG_WARN_DEPRECATED_OBJC_IMPLEMENTATIONS = YES;
				CLANG_WARN_DIRECT_OBJC_ISA_USAGE = YES_ERROR;
				CLANG_WARN_DOCUMENTATION_COMMENTS = YES;
				CLANG_WARN_EMPTY_BODY = YES;
				CLANG_WARN_ENUM_CONVERSION = YES;
				CLANG_WARN_INFINITE_RECURSION = YES;
				CLANG_WARN_INT_CONVERSION = YES;
				CLANG_WARN_NON_LITERAL_NULL_CONVERSION = YES;
				CLANG_WARN_OBJC_IMPLICIT_RETAIN_SELF = YES;
				CLANG_WARN_OBJC_LITERAL_CONVERSION = YES;
				CLANG_WARN_OBJC_ROOT_CLASS = YES_ERROR;
				CLANG_WARN_QUOTED_INCLUDE_IN_FRAMEWORK_HEADER = YES;
				CLANG_WARN_RANGE_LOOP_ANALYSIS = YES;
				CLANG_WARN_STRICT_PROTOTYPES = YES;
				CLANG_WARN_SUSPICIOUS_MOVE = YES;
				CLANG_WARN_UNGUARDED_AVAILABILITY = YES_AGGRESSIVE;
				CLANG_WARN_UNREACHABLE_CODE = YES;
				CLANG_WARN__DUPLICATE_METHOD_MATCH = YES;
				COPY_PHASE_STRIP = NO;
				DEBUG_INFORMATION_FORMAT = dwarf;
				ENABLE_STRICT_OBJC_MSGSEND = YES;
				ENABLE_TESTABILITY = YES;
				GCC_C_LANGUAGE_STANDARD = gnu11;
				GCC_DYNAMIC_NO_PIC = NO;
				GCC_NO_COMMON_BLOCKS = YES;
				GCC_OPTIMIZATION_LEVEL = 0;
				GCC_PREPROCESSOR_DEFINITIONS = (
					"DEBUG=1",
					"$(inherited)",
				);
				GCC_WARN_64_TO_32_BIT_CONVERSION = YES;
				GCC_WARN_ABOUT_RETURN_TYPE = YES_ERROR;
				GCC_WARN_UNDECLARED_SELECTOR = YES;
				GCC_WARN_UNINITIALIZED_AUTOS = YES_AGGRESSIVE;
				GCC_WARN_UNUSED_FUNCTION = YES;
				GCC_WARN_UNUSED_VARIABLE = YES;
				IPHONEOS_DEPLOYMENT_TARGET = 16.1;
				MTL_ENABLE_DEBUG_INFO = INCLUDE_SOURCE;
				MTL_FAST_MATH = YES;
				ONLY_ACTIVE_ARCH = YES;
				SDKROOT = iphoneos;
				SWIFT_ACTIVE_COMPILATION_CONDITIONS = DEBUG;
				SWIFT_OPTIMIZATION_LEVEL = "-Onone";
			};
			name = Debug;
		};
		EDB99886296834C00073EE8A /* Release */ = {
			isa = XCBuildConfiguration;
			buildSettings = {
				ALWAYS_SEARCH_USER_PATHS = NO;
				CLANG_ANALYZER_NONNULL = YES;
				CLANG_ANALYZER_NUMBER_OBJECT_CONVERSION = YES_AGGRESSIVE;
				CLANG_CXX_LANGUAGE_STANDARD = "gnu++20";
				CLANG_ENABLE_MODULES = YES;
				CLANG_ENABLE_OBJC_ARC = YES;
				CLANG_ENABLE_OBJC_WEAK = YES;
				CLANG_WARN_BLOCK_CAPTURE_AUTORELEASING = YES;
				CLANG_WARN_BOOL_CONVERSION = YES;
				CLANG_WARN_COMMA = YES;
				CLANG_WARN_CONSTANT_CONVERSION = YES;
				CLANG_WARN_DEPRECATED_OBJC_IMPLEMENTATIONS = YES;
				CLANG_WARN_DIRECT_OBJC_ISA_USAGE = YES_ERROR;
				CLANG_WARN_DOCUMENTATION_COMMENTS = YES;
				CLANG_WARN_EMPTY_BODY = YES;
				CLANG_WARN_ENUM_CONVERSION = YES;
				CLANG_WARN_INFINITE_RECURSION = YES;
				CLANG_WARN_INT_CONVERSION = YES;
				CLANG_WARN_NON_LITERAL_NULL_CONVERSION = YES;
				CLANG_WARN_OBJC_IMPLICIT_RETAIN_SELF = YES;
				CLANG_WARN_OBJC_LITERAL_CONVERSION = YES;
				CLANG_WARN_OBJC_ROOT_CLASS = YES_ERROR;
				CLANG_WARN_QUOTED_INCLUDE_IN_FRAMEWORK_HEADER = YES;
				CLANG_WARN_RANGE_LOOP_ANALYSIS = YES;
				CLANG_WARN_STRICT_PROTOTYPES = YES;
				CLANG_WARN_SUSPICIOUS_MOVE = YES;
				CLANG_WARN_UNGUARDED_AVAILABILITY = YES_AGGRESSIVE;
				CLANG_WARN_UNREACHABLE_CODE = YES;
				CLANG_WARN__DUPLICATE_METHOD_MATCH = YES;
				COPY_PHASE_STRIP = NO;
				DEBUG_INFORMATION_FORMAT = "dwarf-with-dsym";
				ENABLE_NS_ASSERTIONS = NO;
				ENABLE_STRICT_OBJC_MSGSEND = YES;
				GCC_C_LANGUAGE_STANDARD = gnu11;
				GCC_NO_COMMON_BLOCKS = YES;
				GCC_WARN_64_TO_32_BIT_CONVERSION = YES;
				GCC_WARN_ABOUT_RETURN_TYPE = YES_ERROR;
				GCC_WARN_UNDECLARED_SELECTOR = YES;
				GCC_WARN_UNINITIALIZED_AUTOS = YES_AGGRESSIVE;
				GCC_WARN_UNUSED_FUNCTION = YES;
				GCC_WARN_UNUSED_VARIABLE = YES;
				IPHONEOS_DEPLOYMENT_TARGET = 16.1;
				MTL_ENABLE_DEBUG_INFO = NO;
				MTL_FAST_MATH = YES;
				SDKROOT = iphoneos;
				SWIFT_COMPILATION_MODE = wholemodule;
				SWIFT_OPTIMIZATION_LEVEL = "-O";
				VALIDATE_PRODUCT = YES;
			};
			name = Release;
		};
		EDB99888296834C00073EE8A /* Debug */ = {
			isa = XCBuildConfiguration;
			buildSettings = {
				ASSETCATALOG_COMPILER_APPICON_NAME = AppIcon;
				ASSETCATALOG_COMPILER_GLOBAL_ACCENT_COLOR_NAME = AccentColor;
				CODE_SIGN_STYLE = Automatic;
				CURRENT_PROJECT_VERSION = 1;
				DEVELOPMENT_TEAM = 34R52V7T3Z;
				GENERATE_INFOPLIST_FILE = YES;
				INFOPLIST_FILE = WorkoutCardApp/Info.plist;
				INFOPLIST_KEY_UIApplicationSupportsIndirectInputEvents = YES;
				INFOPLIST_KEY_UILaunchStoryboardName = LaunchScreen;
				INFOPLIST_KEY_UIMainStoryboardFile = Main;
				INFOPLIST_KEY_UISupportedInterfaceOrientations_iPad = "UIInterfaceOrientationPortrait UIInterfaceOrientationPortraitUpsideDown UIInterfaceOrientationLandscapeLeft UIInterfaceOrientationLandscapeRight";
				INFOPLIST_KEY_UISupportedInterfaceOrientations_iPhone = "UIInterfaceOrientationPortrait UIInterfaceOrientationLandscapeLeft UIInterfaceOrientationLandscapeRight";
				LD_RUNPATH_SEARCH_PATHS = (
					"$(inherited)",
					"@executable_path/Frameworks",
				);
				MARKETING_VERSION = 1.0;
				PRODUCT_BUNDLE_IDENTIFIER = com.mahmutsenbek.WorkoutCardApp;
				PRODUCT_NAME = "$(TARGET_NAME)";
				SWIFT_EMIT_LOC_STRINGS = YES;
				SWIFT_VERSION = 5.0;
				TARGETED_DEVICE_FAMILY = "1,2";
			};
			name = Debug;
		};
		EDB99889296834C00073EE8A /* Release */ = {
			isa = XCBuildConfiguration;
			buildSettings = {
				ASSETCATALOG_COMPILER_APPICON_NAME = AppIcon;
				ASSETCATALOG_COMPILER_GLOBAL_ACCENT_COLOR_NAME = AccentColor;
				CODE_SIGN_STYLE = Automatic;
				CURRENT_PROJECT_VERSION = 1;
				DEVELOPMENT_TEAM = 34R52V7T3Z;
				GENERATE_INFOPLIST_FILE = YES;
				INFOPLIST_FILE = WorkoutCardApp/Info.plist;
				INFOPLIST_KEY_UIApplicationSupportsIndirectInputEvents = YES;
				INFOPLIST_KEY_UILaunchStoryboardName = LaunchScreen;
				INFOPLIST_KEY_UIMainStoryboardFile = Main;
				INFOPLIST_KEY_UISupportedInterfaceOrientations_iPad = "UIInterfaceOrientationPortrait UIInterfaceOrientationPortraitUpsideDown UIInterfaceOrientationLandscapeLeft UIInterfaceOrientationLandscapeRight";
				INFOPLIST_KEY_UISupportedInterfaceOrientations_iPhone = "UIInterfaceOrientationPortrait UIInterfaceOrientationLandscapeLeft UIInterfaceOrientationLandscapeRight";
				LD_RUNPATH_SEARCH_PATHS = (
					"$(inherited)",
					"@executable_path/Frameworks",
				);
				MARKETING_VERSION = 1.0;
				PRODUCT_BUNDLE_IDENTIFIER = com.mahmutsenbek.WorkoutCardApp;
				PRODUCT_NAME = "$(TARGET_NAME)";
				SWIFT_EMIT_LOC_STRINGS = YES;
				SWIFT_VERSION = 5.0;
				TARGETED_DEVICE_FAMILY = "1,2";
			};
			name = Release;
		};
/* End XCBuildConfiguration section */

/* Begin XCConfigurationList section */
		EDB9986E296834BF0073EE8A /* Build configuration list for PBXProject "WorkoutCardApp" */ = {
			isa = XCConfigurationList;
			buildConfigurations = (
				EDB99885296834C00073EE8A /* Debug */,
				EDB99886296834C00073EE8A /* Release */,
			);
			defaultConfigurationIsVisible = 0;
			defaultConfigurationName = Release;
		};
		EDB99887296834C00073EE8A /* Build configuration list for PBXNativeTarget "WorkoutCardApp" */ = {
			isa = XCConfigurationList;
			buildConfigurations = (
				EDB99888296834C00073EE8A /* Debug */,
				EDB99889296834C00073EE8A /* Release */,
			);
			defaultConfigurationIsVisible = 0;
			defaultConfigurationName = Release;
		};
/* End XCConfigurationList section */
	};
	rootObject = EDB9986B296834BF0073EE8A /* Project object */;
}
